
Microsoft Visual Studio Solution File, Format Version 12.00
# Visual Studio Version 16
VisualStudioVersion = 16.0.32413.511
MinimumVisualStudioVersion = 10.0.40219.1
Project("{FAE04EC0-301F-11D3-BF4B-00C04F79EFBC}") = "ProvidenceFund", "ProvidenceFund\ProvidenceFund.csproj", "{D8995CEA-4B0E-4F30-A717-D64A7BA3D472}"
EndProject
Global
	GlobalSection(SolutionConfigurationPlatforms) = preSolution
		Debug|Any CPU = Debug|Any CPU
		Release|Any CPU = Release|Any CPU
	EndGlobalSection
	GlobalSection(ProjectConfigurationPlatforms) = postSolution
		{D8995CEA-4B0E-4F30-A717-D64A7BA3D472}.Debug|Any CPU.ActiveCfg = Debug|Any CPU
		{D8995CEA-4B0E-4F30-A717-D64A7BA3D472}.Debug|Any CPU.Build.0 = Debug|Any CPU
		{D8995CEA-4B0E-4F30-A717-D64A7BA3D472}.Release|Any CPU.ActiveCfg = Release|Any CPU
		{D8995CEA-4B0E-4F30-A717-D64A7BA3D472}.Release|Any CPU.Build.0 = Release|Any CPU
	EndGlobalSection
	GlobalSection(SolutionProperties) = preSolution
		HideSolutionNode = FALSE
	EndGlobalSection
	GlobalSection(ExtensibilityGlobals) = postSolution
		SolutionGuid = {FAD0F0D2-B2F7-4438-BB1C-71DC4C5E8E30}
	EndGlobalSection
EndGlobal
